
Microsoft Visual Studio Solution File, Format Version 12.00
# Visual Studio Version 17
VisualStudioVersion = 17.0.31903.59
MinimumVisualStudioVersion = 10.0.40219.1
Project("{2150E333-8FDC-42A3-9474-1A3956D46DE8}") = "src", "src", "{EC1CFF3B-C23E-444E-911B-99C849CD450F}"
EndProject
Project("{FAE04EC0-301F-11D3-BF4B-00C04F79EFBC}") = "JwtApi", "src\JwtApi\JwtApi.csproj", "{567279EC-5A85-42D5-901D-11E9653E9843}"
EndProject
Global
	GlobalSection(SolutionConfigurationPlatforms) = preSolution
		Debug|Any CPU = Debug|Any CPU
		Release|Any CPU = Release|Any CPU
	EndGlobalSection
	GlobalSection(SolutionProperties) = preSolution
		HideSolutionNode = FALSE
	EndGlobalSection
	GlobalSection(ProjectConfigurationPlatforms) = postSolution
		{567279EC-5A85-42D5-901D-11E9653E9843}.Debug|Any CPU.ActiveCfg = Debug|Any CPU
		{567279EC-5A85-42D5-901D-11E9653E9843}.Debug|Any CPU.Build.0 = Debug|Any CPU
		{567279EC-5A85-42D5-901D-11E9653E9843}.Release|Any CPU.ActiveCfg = Release|Any CPU
		{567279EC-5A85-42D5-901D-11E9653E9843}.Release|Any CPU.Build.0 = Release|Any CPU
	EndGlobalSection
	GlobalSection(NestedProjects) = preSolution
		{567279EC-5A85-42D5-901D-11E9653E9843} = {EC1CFF3B-C23E-444E-911B-99C849CD450F}
	EndGlobalSection
EndGlobal
